
Microsoft Visual Studio Solution File, Format Version 12.00
# Visual Studio 15
VisualStudioVersion = 15.0.27703.2042
MinimumVisualStudioVersion = 10.0.40219.1
Project("{FAE04EC0-301F-11D3-BF4B-00C04F79EFBC}") = "Sorts", "Sorts\Sorts.csproj", "{26B5501A-8D15-4BEF-9BC8-C2DCCC339CDC}"
EndProject
Global
	GlobalSection(SolutionConfigurationPlatforms) = preSolution
		Debug|Any CPU = Debug|Any CPU
		Release|Any CPU = Release|Any CPU
	EndGlobalSection
	GlobalSection(ProjectConfigurationPlatforms) = postSolution
		{26B5501A-8D15-4BEF-9BC8-C2DCCC339CDC}.Debug|Any CPU.ActiveCfg = Debug|Any CPU
		{26B5501A-8D15-4BEF-9BC8-C2DCCC339CDC}.Debug|Any CPU.Build.0 = Debug|Any CPU
		{26B5501A-8D15-4BEF-9BC8-C2DCCC339CDC}.Release|Any CPU.ActiveCfg = Release|Any CPU
		{26B5501A-8D15-4BEF-9BC8-C2DCCC339CDC}.Release|Any CPU.Build.0 = Release|Any CPU
	EndGlobalSection
	GlobalSection(SolutionProperties) = preSolution
		HideSolutionNode = FALSE
	EndGlobalSection
	GlobalSection(ExtensibilityGlobals) = postSolution
		SolutionGuid = {8C62C4D1-2872-4D55-8290-8A4E832B9A10}
	EndGlobalSection
EndGlobal
